# generated by rye
# use `rye lock` or `rye sync` to update this lockfile
#
# last locked with the following flags:
#   pre: false
#   features: []
#   all-features: false
#   with-sources: false

-e file:.
click==8.1.7
    # via sqlite-backup
    # via web-browser-export
colorama==0.4.6
    # via click
    # via logzero
kompress==0.1.20231016
    # via web-browser-export
logzero==1.7.0
    # via sqlite-backup
    # via web-browser-export
sqlite-backup==0.1.7
    # via web-browser-export
