# generated by rye
# use `rye lock` or `rye sync` to update this lockfile
#
# last locked with the following flags:
#   pre: false
#   features: []
#   all-features: false
#   with-sources: false

-e file:.
click==8.1.7
    # via sqlite-backup
    # via web-browser-export
exceptiongroup==1.2.1
    # via pytest
iniconfig==2.0.0
    # via pytest
kompress==0.1.20231016
    # via web-browser-export
logzero==1.7.0
    # via sqlite-backup
    # via web-browser-export
packaging==24.0
    # via pytest
pluggy==1.5.0
    # via pytest
pytest==8.2.0
sqlite-backup==0.1.7
    # via web-browser-export
tomli==2.0.1
    # via pytest
